
Microsoft Visual Studio Solution File, Format Version 12.00
# Visual Studio Version 16
VisualStudioVersion = 16.0.30114.105
MinimumVisualStudioVersion = 15.0.26124.0
Project("{2150E333-8FDC-42A3-9474-1A3956D46DE8}") = "src", "src", "{9577FAD5-CE39-46AA-A5F4-09B6EE38C313}"
EndProject
Project("{9A19103F-16F7-4668-BE54-9A1E7A4F7556}") = "ValidPeople.Application", "src\ValidPeople.Application\ValidPeople.Application.csproj", "{F00243E7-03F5-4F39-BCB4-7FA79BC7CB1B}"
EndProject
Project("{9A19103F-16F7-4668-BE54-9A1E7A4F7556}") = "ValidPeople.Domain", "src\ValidPeople.Domain\ValidPeople.Domain.csproj", "{21432F03-37EA-4BFB-91D4-FEF63EADCD9D}"
EndProject
Project("{9A19103F-16F7-4668-BE54-9A1E7A4F7556}") = "ValidPeople.Infra", "src\ValidPeople.Infra\ValidPeople.Infra.csproj", "{F4CCE05E-7FE8-40BE-9AB6-08E8CECFE5E0}"
EndProject
Project("{2150E333-8FDC-42A3-9474-1A3956D46DE8}") = "tests", "tests", "{4E1F634F-3B13-4BAC-B879-952F02F012CF}"
EndProject
Project("{9A19103F-16F7-4668-BE54-9A1E7A4F7556}") = "ValidPeople.UnitTests", "tests\ValidPeople.UnitTests\ValidPeople.UnitTests.csproj", "{2C62F395-52D1-4541-B252-9AD1080FC1E9}"
EndProject
Project("{9A19103F-16F7-4668-BE54-9A1E7A4F7556}") = "ValidPeople.Web.Server", "src\ValidPeople.Web\Server\ValidPeople.Web.Server.csproj", "{B1883458-58B4-4B77-8689-A644643446DA}"
EndProject
Project("{9A19103F-16F7-4668-BE54-9A1E7A4F7556}") = "ValidPeople.Web.Client", "src\ValidPeople.Web\Client\ValidPeople.Web.Client.csproj", "{4231CBF4-DC52-4478-9796-F25537BA5AEF}"
EndProject
Project("{9A19103F-16F7-4668-BE54-9A1E7A4F7556}") = "ValidPeople.Web.Shared", "src\ValidPeople.Web\Shared\ValidPeople.Web.Shared.csproj", "{5F947563-468E-461B-A457-EB3F258B34D4}"
EndProject
Project("{FAE04EC0-301F-11D3-BF4B-00C04F79EFBC}") = "ValidPeople.IntegrationTests", "tests\ValidPeople.IntegrationTests\ValidPeople.IntegrationTests.csproj", "{D5D08267-4167-431D-9B67-1C5AE2F44FE3}"
EndProject
Global
	GlobalSection(SolutionConfigurationPlatforms) = preSolution
		Debug|Any CPU = Debug|Any CPU
		Debug|x64 = Debug|x64
		Debug|x86 = Debug|x86
		Release|Any CPU = Release|Any CPU
		Release|x64 = Release|x64
		Release|x86 = Release|x86
	EndGlobalSection
	GlobalSection(ProjectConfigurationPlatforms) = postSolution
		{F00243E7-03F5-4F39-BCB4-7FA79BC7CB1B}.Debug|Any CPU.ActiveCfg = Debug|Any CPU
		{F00243E7-03F5-4F39-BCB4-7FA79BC7CB1B}.Debug|Any CPU.Build.0 = Debug|Any CPU
		{F00243E7-03F5-4F39-BCB4-7FA79BC7CB1B}.Debug|x64.ActiveCfg = Debug|Any CPU
		{F00243E7-03F5-4F39-BCB4-7FA79BC7CB1B}.Debug|x64.Build.0 = Debug|Any CPU
		{F00243E7-03F5-4F39-BCB4-7FA79BC7CB1B}.Debug|x86.ActiveCfg = Debug|Any CPU
		{F00243E7-03F5-4F39-BCB4-7FA79BC7CB1B}.Debug|x86.Build.0 = Debug|Any CPU
		{F00243E7-03F5-4F39-BCB4-7FA79BC7CB1B}.Release|Any CPU.ActiveCfg = Release|Any CPU
		{F00243E7-03F5-4F39-BCB4-7FA79BC7CB1B}.Release|Any CPU.Build.0 = Release|Any CPU
		{F00243E7-03F5-4F39-BCB4-7FA79BC7CB1B}.Release|x64.ActiveCfg = Release|Any CPU
		{F00243E7-03F5-4F39-BCB4-7FA79BC7CB1B}.Release|x64.Build.0 = Release|Any CPU
		{F00243E7-03F5-4F39-BCB4-7FA79BC7CB1B}.Release|x86.ActiveCfg = Release|Any CPU
		{F00243E7-03F5-4F39-BCB4-7FA79BC7CB1B}.Release|x86.Build.0 = Release|Any CPU
		{21432F03-37EA-4BFB-91D4-FEF63EADCD9D}.Debug|Any CPU.ActiveCfg = Debug|Any CPU
		{21432F03-37EA-4BFB-91D4-FEF63EADCD9D}.Debug|Any CPU.Build.0 = Debug|Any CPU
		{21432F03-37EA-4BFB-91D4-FEF63EADCD9D}.Debug|x64.ActiveCfg = Debug|Any CPU
		{21432F03-37EA-4BFB-91D4-FEF63EADCD9D}.Debug|x64.Build.0 = Debug|Any CPU
		{21432F03-37EA-4BFB-91D4-FEF63EADCD9D}.Debug|x86.ActiveCfg = Debug|Any CPU
		{21432F03-37EA-4BFB-91D4-FEF63EADCD9D}.Debug|x86.Build.0 = Debug|Any CPU
		{21432F03-37EA-4BFB-91D4-FEF63EADCD9D}.Release|Any CPU.ActiveCfg = Release|Any CPU
		{21432F03-37EA-4BFB-91D4-FEF63EADCD9D}.Release|Any CPU.Build.0 = Release|Any CPU
		{21432F03-37EA-4BFB-91D4-FEF63EADCD9D}.Release|x64.ActiveCfg = Release|Any CPU
		{21432F03-37EA-4BFB-91D4-FEF63EADCD9D}.Release|x64.Build.0 = Release|Any CPU
		{21432F03-37EA-4BFB-91D4-FEF63EADCD9D}.Release|x86.ActiveCfg = Release|Any CPU
		{21432F03-37EA-4BFB-91D4-FEF63EADCD9D}.Release|x86.Build.0 = Release|Any CPU
		{F4CCE05E-7FE8-40BE-9AB6-08E8CECFE5E0}.Debug|Any CPU.ActiveCfg = Debug|Any CPU
		{F4CCE05E-7FE8-40BE-9AB6-08E8CECFE5E0}.Debug|Any CPU.Build.0 = Debug|Any CPU
		{F4CCE05E-7FE8-40BE-9AB6-08E8CECFE5E0}.Debug|x64.ActiveCfg = Debug|Any CPU
		{F4CCE05E-7FE8-40BE-9AB6-08E8CECFE5E0}.Debug|x64.Build.0 = Debug|Any CPU
		{F4CCE05E-7FE8-40BE-9AB6-08E8CECFE5E0}.Debug|x86.ActiveCfg = Debug|Any CPU
		{F4CCE05E-7FE8-40BE-9AB6-08E8CECFE5E0}.Debug|x86.Build.0 = Debug|Any CPU
		{F4CCE05E-7FE8-40BE-9AB6-08E8CECFE5E0}.Release|Any CPU.ActiveCfg = Release|Any CPU
		{F4CCE05E-7FE8-40BE-9AB6-08E8CECFE5E0}.Release|Any CPU.Build.0 = Release|Any CPU
		{F4CCE05E-7FE8-40BE-9AB6-08E8CECFE5E0}.Release|x64.ActiveCfg = Release|Any CPU
		{F4CCE05E-7FE8-40BE-9AB6-08E8CECFE5E0}.Release|x64.Build.0 = Release|Any CPU
		{F4CCE05E-7FE8-40BE-9AB6-08E8CECFE5E0}.Release|x86.ActiveCfg = Release|Any CPU
		{F4CCE05E-7FE8-40BE-9AB6-08E8CECFE5E0}.Release|x86.Build.0 = Release|Any CPU
		{2C62F395-52D1-4541-B252-9AD1080FC1E9}.Debug|Any CPU.ActiveCfg = Debug|Any CPU
		{2C62F395-52D1-4541-B252-9AD1080FC1E9}.Debug|Any CPU.Build.0 = Debug|Any CPU
		{2C62F395-52D1-4541-B252-9AD1080FC1E9}.Debug|x64.ActiveCfg = Debug|Any CPU
		{2C62F395-52D1-4541-B252-9AD1080FC1E9}.Debug|x64.Build.0 = Debug|Any CPU
		{2C62F395-52D1-4541-B252-9AD1080FC1E9}.Debug|x86.ActiveCfg = Debug|Any CPU
		{2C62F395-52D1-4541-B252-9AD1080FC1E9}.Debug|x86.Build.0 = Debug|Any CPU
		{2C62F395-52D1-4541-B252-9AD1080FC1E9}.Release|Any CPU.ActiveCfg = Release|Any CPU
		{2C62F395-52D1-4541-B252-9AD1080FC1E9}.Release|Any CPU.Build.0 = Release|Any CPU
		{2C62F395-52D1-4541-B252-9AD1080FC1E9}.Release|x64.ActiveCfg = Release|Any CPU
		{2C62F395-52D1-4541-B252-9AD1080FC1E9}.Release|x64.Build.0 = Release|Any CPU
		{2C62F395-52D1-4541-B252-9AD1080FC1E9}.Release|x86.ActiveCfg = Release|Any CPU
		{2C62F395-52D1-4541-B252-9AD1080FC1E9}.Release|x86.Build.0 = Release|Any CPU
		{B1883458-58B4-4B77-8689-A644643446DA}.Debug|Any CPU.ActiveCfg = Debug|Any CPU
		{B1883458-58B4-4B77-8689-A644643446DA}.Debug|Any CPU.Build.0 = Debug|Any CPU
		{B1883458-58B4-4B77-8689-A644643446DA}.Debug|x64.ActiveCfg = Debug|Any CPU
		{B1883458-58B4-4B77-8689-A644643446DA}.Debug|x64.Build.0 = Debug|Any CPU
		{B1883458-58B4-4B77-8689-A644643446DA}.Debug|x86.ActiveCfg = Debug|Any CPU
		{B1883458-58B4-4B77-8689-A644643446DA}.Debug|x86.Build.0 = Debug|Any CPU
		{B1883458-58B4-4B77-8689-A644643446DA}.Release|Any CPU.ActiveCfg = Release|Any CPU
		{B1883458-58B4-4B77-8689-A644643446DA}.Release|Any CPU.Build.0 = Release|Any CPU
		{B1883458-58B4-4B77-8689-A644643446DA}.Release|x64.ActiveCfg = Release|Any CPU
		{B1883458-58B4-4B77-8689-A644643446DA}.Release|x64.Build.0 = Release|Any CPU
		{B1883458-58B4-4B77-8689-A644643446DA}.Release|x86.ActiveCfg = Release|Any CPU
		{B1883458-58B4-4B77-8689-A644643446DA}.Release|x86.Build.0 = Release|Any CPU
		{4231CBF4-DC52-4478-9796-F25537BA5AEF}.Debug|Any CPU.ActiveCfg = Debug|Any CPU
		{4231CBF4-DC52-4478-9796-F25537BA5AEF}.Debug|Any CPU.Build.0 = Debug|Any CPU
		{4231CBF4-DC52-4478-9796-F25537BA5AEF}.Debug|x64.ActiveCfg = Debug|Any CPU
		{4231CBF4-DC52-4478-9796-F25537BA5AEF}.Debug|x64.Build.0 = Debug|Any CPU
		{4231CBF4-DC52-4478-9796-F25537BA5AEF}.Debug|x86.ActiveCfg = Debug|Any CPU
		{4231CBF4-DC52-4478-9796-F25537BA5AEF}.Debug|x86.Build.0 = Debug|Any CPU
		{4231CBF4-DC52-4478-9796-F25537BA5AEF}.Release|Any CPU.ActiveCfg = Release|Any CPU
		{4231CBF4-DC52-4478-9796-F25537BA5AEF}.Release|Any CPU.Build.0 = Release|Any CPU
		{4231CBF4-DC52-4478-9796-F25537BA5AEF}.Release|x64.ActiveCfg = Release|Any CPU
		{4231CBF4-DC52-4478-9796-F25537BA5AEF}.Release|x64.Build.0 = Release|Any CPU
		{4231CBF4-DC52-4478-9796-F25537BA5AEF}.Release|x86.ActiveCfg = Release|Any CPU
		{4231CBF4-DC52-4478-9796-F25537BA5AEF}.Release|x86.Build.0 = Release|Any CPU
		{5F947563-468E-461B-A457-EB3F258B34D4}.Debug|Any CPU.ActiveCfg = Debug|Any CPU
		{5F947563-468E-461B-A457-EB3F258B34D4}.Debug|Any CPU.Build.0 = Debug|Any CPU
		{5F947563-468E-461B-A457-EB3F258B34D4}.Debug|x64.ActiveCfg = Debug|Any CPU
		{5F947563-468E-461B-A457-EB3F258B34D4}.Debug|x64.Build.0 = Debug|Any CPU
		{5F947563-468E-461B-A457-EB3F258B34D4}.Debug|x86.ActiveCfg = Debug|Any CPU
		{5F947563-468E-461B-A457-EB3F258B34D4}.Debug|x86.Build.0 = Debug|Any CPU
		{5F947563-468E-461B-A457-EB3F258B34D4}.Release|Any CPU.ActiveCfg = Release|Any CPU
		{5F947563-468E-461B-A457-EB3F258B34D4}.Release|Any CPU.Build.0 = Release|Any CPU
		{5F947563-468E-461B-A457-EB3F258B34D4}.Release|x64.ActiveCfg = Release|Any CPU
		{5F947563-468E-461B-A457-EB3F258B34D4}.Release|x64.Build.0 = Release|Any CPU
		{5F947563-468E-461B-A457-EB3F258B34D4}.Release|x86.ActiveCfg = Release|Any CPU
		{5F947563-468E-461B-A457-EB3F258B34D4}.Release|x86.Build.0 = Release|Any CPU
		{D5D08267-4167-431D-9B67-1C5AE2F44FE3}.Debug|Any CPU.ActiveCfg = Debug|Any CPU
		{D5D08267-4167-431D-9B67-1C5AE2F44FE3}.Debug|Any CPU.Build.0 = Debug|Any CPU
		{D5D08267-4167-431D-9B67-1C5AE2F44FE3}.Debug|x64.ActiveCfg = Debug|Any CPU
		{D5D08267-4167-431D-9B67-1C5AE2F44FE3}.Debug|x64.Build.0 = Debug|Any CPU
		{D5D08267-4167-431D-9B67-1C5AE2F44FE3}.Debug|x86.ActiveCfg = Debug|Any CPU
		{D5D08267-4167-431D-9B67-1C5AE2F44FE3}.Debug|x86.Build.0 = Debug|Any CPU
		{D5D08267-4167-431D-9B67-1C5AE2F44FE3}.Release|Any CPU.ActiveCfg = Release|Any CPU
		{D5D08267-4167-431D-9B67-1C5AE2F44FE3}.Release|Any CPU.Build.0 = Release|Any CPU
		{D5D08267-4167-431D-9B67-1C5AE2F44FE3}.Release|x64.ActiveCfg = Release|Any CPU
		{D5D08267-4167-431D-9B67-1C5AE2F44FE3}.Release|x64.Build.0 = Release|Any CPU
		{D5D08267-4167-431D-9B67-1C5AE2F44FE3}.Release|x86.ActiveCfg = Release|Any CPU
		{D5D08267-4167-431D-9B67-1C5AE2F44FE3}.Release|x86.Build.0 = Release|Any CPU
	EndGlobalSection
	GlobalSection(SolutionProperties) = preSolution
		HideSolutionNode = FALSE
	EndGlobalSection
	GlobalSection(NestedProjects) = preSolution
		{F00243E7-03F5-4F39-BCB4-7FA79BC7CB1B} = {9577FAD5-CE39-46AA-A5F4-09B6EE38C313}
		{21432F03-37EA-4BFB-91D4-FEF63EADCD9D} = {9577FAD5-CE39-46AA-A5F4-09B6EE38C313}
		{F4CCE05E-7FE8-40BE-9AB6-08E8CECFE5E0} = {9577FAD5-CE39-46AA-A5F4-09B6EE38C313}
		{2C62F395-52D1-4541-B252-9AD1080FC1E9} = {4E1F634F-3B13-4BAC-B879-952F02F012CF}
		{B1883458-58B4-4B77-8689-A644643446DA} = {9577FAD5-CE39-46AA-A5F4-09B6EE38C313}
		{4231CBF4-DC52-4478-9796-F25537BA5AEF} = {9577FAD5-CE39-46AA-A5F4-09B6EE38C313}
		{5F947563-468E-461B-A457-EB3F258B34D4} = {9577FAD5-CE39-46AA-A5F4-09B6EE38C313}
		{D5D08267-4167-431D-9B67-1C5AE2F44FE3} = {4E1F634F-3B13-4BAC-B879-952F02F012CF}
	EndGlobalSection
	GlobalSection(ExtensibilityGlobals) = postSolution
		SolutionGuid = {3AA5C562-A208-4DB7-AD92-8B29DE6E8C5F}
	EndGlobalSection
EndGlobal
